
Microsoft Visual Studio Solution File, Format Version 12.00
# Visual Studio Version 16
VisualStudioVersion = 16.0.30621.155
MinimumVisualStudioVersion = 10.0.40219.1
Project("{FAE04EC0-301F-11D3-BF4B-00C04F79EFBC}") = "StudyPrjTest", "StudyPrjTest\StudyPrjTest.csproj", "{A256BAAE-08BC-48FC-9573-A533C885649A}"
EndProject
Global
	GlobalSection(SolutionConfigurationPlatforms) = preSolution
		Debug|Any CPU = Debug|Any CPU
		Release|Any CPU = Release|Any CPU
	EndGlobalSection
	GlobalSection(ProjectConfigurationPlatforms) = postSolution
		{A256BAAE-08BC-48FC-9573-A533C885649A}.Debug|Any CPU.ActiveCfg = Debug|Any CPU
		{A256BAAE-08BC-48FC-9573-A533C885649A}.Debug|Any CPU.Build.0 = Debug|Any CPU
		{A256BAAE-08BC-48FC-9573-A533C885649A}.Release|Any CPU.ActiveCfg = Release|Any CPU
		{A256BAAE-08BC-48FC-9573-A533C885649A}.Release|Any CPU.Build.0 = Release|Any CPU
	EndGlobalSection
	GlobalSection(SolutionProperties) = preSolution
		HideSolutionNode = FALSE
	EndGlobalSection
	GlobalSection(ExtensibilityGlobals) = postSolution
		SolutionGuid = {6A4F8932-F299-48F3-A1C4-8FD092CBB752}
	EndGlobalSection
EndGlobal
